<Project xmlns="http://schemas.microsoft.com/developer/msbuild/2003">
  <PropertyGroup>
    <ProjectGuid>{cd306f0b-5cd1-4702-8fce-4f0ae8588cb9}</ProjectGuid>
    <MainSource>MMEditorDlg.dpr</MainSource>
    <Configuration Condition=" '$(Configuration)' == '' ">Debug</Configuration>
    <Platform Condition=" '$(Platform)' == '' ">AnyCPU</Platform>
    <DCC_DCCCompiler>DCC32</DCC_DCCCompiler>
    <DCC_DependencyCheckOutputName>..\..\ExeMods\MMExtension\MMEditorDlg.dll</DCC_DependencyCheckOutputName>
  </PropertyGroup>
  <PropertyGroup Condition=" '$(Configuration)|$(Platform)' == 'Release|AnyCPU' ">
    <Version>7.0</Version>
    <DCC_DebugInformation>False</DCC_DebugInformation>
    <DCC_LocalDebugSymbols>False</DCC_LocalDebugSymbols>
    <DCC_SymbolReferenceInfo>0</DCC_SymbolReferenceInfo>
    <DCC_ImageBase>60200000</DCC_ImageBase>
    <DCC_ExeOutput>..\..\ExeMods\MMExtension\</DCC_ExeOutput>
    <DCC_Define>RELEASE</DCC_Define>
    <DCC_SYMBOL_PLATFORM>False</DCC_SYMBOL_PLATFORM>
    <DCC_UNIT_PLATFORM>False</DCC_UNIT_PLATFORM>
  </PropertyGroup>
  <PropertyGroup Condition=" '$(Configuration)|$(Platform)' == 'Debug|AnyCPU' ">
    <Version>7.0</Version>
    <DCC_ImageBase>60200000</DCC_ImageBase>
    <DCC_ExeOutput>..\..\ExeMods\MMExtension\</DCC_ExeOutput>
    <DCC_Define>DEBUG</DCC_Define>
    <DCC_SYMBOL_PLATFORM>False</DCC_SYMBOL_PLATFORM>
    <DCC_UNIT_PLATFORM>False</DCC_UNIT_PLATFORM>
  </PropertyGroup>
  <ProjectExtensions>
    <Borland.Personality>Delphi.Personality</Borland.Personality>
    <Borland.ProjectType />
    <BorlandProject>
<BorlandProject xmlns=""> <Delphi.Personality>   <Parameters>
      <Parameters Name="HostApplication">C:\Games\mm8\mm8.exe</Parameters>
      <Parameters Name="UseLauncher">False</Parameters>
      <Parameters Name="DebugCWD">C:\Games\mm8\</Parameters>
      <Parameters Name="LoadAllSymbols">True</Parameters>
      <Parameters Name="LoadUnspecifiedSymbols">False</Parameters>
    </Parameters>
    <VersionInfo>
      <VersionInfo Name="IncludeVerInfo">True</VersionInfo>
      <VersionInfo Name="AutoIncBuild">False</VersionInfo>
      <VersionInfo Name="MajorVer">2</VersionInfo>
      <VersionInfo Name="MinorVer">2</VersionInfo>
      <VersionInfo Name="Release">0</VersionInfo>
      <VersionInfo Name="Build">0</VersionInfo>
      <VersionInfo Name="Debug">False</VersionInfo>
      <VersionInfo Name="PreRelease">False</VersionInfo>
      <VersionInfo Name="Special">False</VersionInfo>
      <VersionInfo Name="Private">False</VersionInfo>
      <VersionInfo Name="DLL">False</VersionInfo>
      <VersionInfo Name="Locale">1033</VersionInfo>
      <VersionInfo Name="CodePage">1252</VersionInfo>
    </VersionInfo>
    <VersionInfoKeys>
      <VersionInfoKeys Name="CompanyName"></VersionInfoKeys>
      <VersionInfoKeys Name="FileDescription">Might&amp;Magic Editor Dialog</VersionInfoKeys>
      <VersionInfoKeys Name="FileVersion">2.2.0.0</VersionInfoKeys>
      <VersionInfoKeys Name="InternalName"></VersionInfoKeys>
      <VersionInfoKeys Name="LegalCopyright">Sergey Rozhenko (http://grayface.github.io)</VersionInfoKeys>
      <VersionInfoKeys Name="LegalTrademarks"></VersionInfoKeys>
      <VersionInfoKeys Name="OriginalFilename"></VersionInfoKeys>
      <VersionInfoKeys Name="ProductName">Might&amp;Magic Editor Dialog</VersionInfoKeys>
      <VersionInfoKeys Name="ProductVersion">2.2.0.0</VersionInfoKeys>
      <VersionInfoKeys Name="Comments"></VersionInfoKeys>
    </VersionInfoKeys>
    <Excluded_Packages>
    </Excluded_Packages>
    <Source>
      <Source Name="MainSource">MMEditorDlg.dpr</Source>
    </Source>
  </Delphi.Personality> </BorlandProject></BorlandProject>
  </ProjectExtensions>
  <ItemGroup />
  <ItemGroup>
    <DelphiCompile Include="MMEditorDlg.dpr">
      <MainSource>MainSource</MainSource>
    </DelphiCompile>
    <DCCReference Include="Hooks.pas" />
    <DCCReference Include="Unit1.pas">
      <Form>Form1</Form>
    </DCCReference>
    <DCCReference Include="UnitChooseKind.pas">
      <Form>FormChooseKind</Form>
    </DCCReference>
  </ItemGroup>
  <Import Project="$(MSBuildBinPath)\Borland.Delphi.Targets" />
</Project>